
Microsoft Visual Studio Solution File, Format Version 12.00
# Visual Studio Version 17
VisualStudioVersion = 17.3.32505.426
MinimumVisualStudioVersion = 10.0.40219.1
Project("{FAE04EC0-301F-11D3-BF4B-00C04F79EFBC}") = "Test", "Test\Test.csproj", "{821719A5-7DFA-4917-897D-B2870A9E85BD}"
EndProject
Global
	GlobalSection(SolutionConfigurationPlatforms) = preSolution
		Debug|Any CPU = Debug|Any CPU
		Release|Any CPU = Release|Any CPU
	EndGlobalSection
	GlobalSection(ProjectConfigurationPlatforms) = postSolution
		{821719A5-7DFA-4917-897D-B2870A9E85BD}.Debug|Any CPU.ActiveCfg = Debug|Any CPU
		{821719A5-7DFA-4917-897D-B2870A9E85BD}.Debug|Any CPU.Build.0 = Debug|Any CPU
		{821719A5-7DFA-4917-897D-B2870A9E85BD}.Release|Any CPU.ActiveCfg = Release|Any CPU
		{821719A5-7DFA-4917-897D-B2870A9E85BD}.Release|Any CPU.Build.0 = Release|Any CPU
	EndGlobalSection
	GlobalSection(SolutionProperties) = preSolution
		HideSolutionNode = FALSE
	EndGlobalSection
	GlobalSection(ExtensibilityGlobals) = postSolution
		SolutionGuid = {F9953899-DBF8-414C-8C9C-9906388A7B60}
	EndGlobalSection
EndGlobal
