
Microsoft Visual Studio Solution File, Format Version 12.00
# Visual Studio Version 17
VisualStudioVersion = 17.3.32505.426
MinimumVisualStudioVersion = 10.0.40219.1
Project("{FAE04EC0-301F-11D3-BF4B-00C04F79EFBC}") = "Exhaust-less", "Exhaustless\Exhaust-less.csproj", "{15FE0965-BCF2-470C-8D0E-616DA7B0F17C}"
EndProject
Project("{FAE04EC0-301F-11D3-BF4B-00C04F79EFBC}") = "SaveNow", "SaveNow\SaveNow.csproj", "{0C0D9B04-E186-4E98-AE03-8771E67D7B82}"
EndProject
Project("{FAE04EC0-301F-11D3-BF4B-00C04F79EFBC}") = "NewGameAtBottom", "NewGameAtBottom\NewGameAtBottom.csproj", "{2084C92A-5D15-44CE-AC53-4C1AC6859E37}"
EndProject
Project("{FAE04EC0-301F-11D3-BF4B-00C04F79EFBC}") = "FogBeGone", "FogBeGone\FogBeGone.csproj", "{C02AE077-D18E-4056-871B-E56E9CA54541}"
EndProject
Project("{FAE04EC0-301F-11D3-BF4B-00C04F79EFBC}") = "UltraWide", "UltraWide\UltraWide.csproj", "{08DA80D4-62AA-4807-8E03-BA8DDED15204}"
EndProject
Project("{FAE04EC0-301F-11D3-BF4B-00C04F79EFBC}") = "TreesNoMore", "TreesNoMore\TreesNoMore.csproj", "{BCABC90B-225B-4851-BDA8-7B49BD486DCF}"
EndProject
Project("{FAE04EC0-301F-11D3-BF4B-00C04F79EFBC}") = "NoTimeForFishing", "NoTimeForFishing\NoTimeForFishing.csproj", "{A09AB5BE-0710-48C1-B998-3BE639BEFACE}"
EndProject
Project("{FAE04EC0-301F-11D3-BF4B-00C04F79EFBC}") = "NoIntros", "NoIntros\NoIntros.csproj", "{407CE45D-C544-41A5-BE88-5B29C576D3D5}"
EndProject
Project("{FAE04EC0-301F-11D3-BF4B-00C04F79EFBC}") = "LargerScale", "LargerScale\LargerScale.csproj", "{7690963B-2079-4C05-BC9E-2AA7C645CC75}"
EndProject
Project("{FAE04EC0-301F-11D3-BF4B-00C04F79EFBC}") = "AutoLootHeavies", "AutoLootHeavies\AutoLootHeavies.csproj", "{29A64431-62AB-48E5-9E66-CD539A9644C9}"
EndProject
Project("{FAE04EC0-301F-11D3-BF4B-00C04F79EFBC}") = "ThoughtfulReminders", "ThoughtfulReminders\ThoughtfulReminders.csproj", "{06E576F1-1CEE-474D-BD23-46F2D33E329D}"
EndProject
Project("{FAE04EC0-301F-11D3-BF4B-00C04F79EFBC}") = "LongerDays", "LongerDays\LongerDays.csproj", "{18E77827-C5C3-43B8-B4A5-957D0EA6B11C}"
EndProject
Project("{FAE04EC0-301F-11D3-BF4B-00C04F79EFBC}") = "QueueEverything", "QueueEverything\QueueEverything.csproj", "{A854673A-0AC4-49CF-A3B8-3FCAEB9DD00F}"
EndProject
Project("{FAE04EC0-301F-11D3-BF4B-00C04F79EFBC}") = "AppleTreesEnhanced", "AppleTreesEnhanced\AppleTreesEnhanced.csproj", "{1673C699-D4E0-41C0-8EA9-249761AD171E}"
EndProject
Project("{FAE04EC0-301F-11D3-BF4B-00C04F79EFBC}") = "MiscBitsAndBobs", "MiscBitsAndBobs\MiscBitsAndBobs.csproj", "{BFDA5D30-E513-42F7-9DEE-84959C58F0BF}"
EndProject
Project("{FAE04EC0-301F-11D3-BF4B-00C04F79EFBC}") = "INeedSticks", "INeedSticks\INeedSticks.csproj", "{D45D7F53-AFC1-4F60-B42B-021C29A0DBA8}"
EndProject
Project("{FAE04EC0-301F-11D3-BF4B-00C04F79EFBC}") = "TheSeedEqualizer", "TheSeedEqualizer\TheSeedEqualizer.csproj", "{A9F6B25C-C915-43BD-A747-EB276220CBF6}"
EndProject
Project("{2150E333-8FDC-42A3-9474-1A3956D46DE8}") = "libs", "libs", "{A58B39AC-A468-4A2D-9E7D-9931501877AD}"
	ProjectSection(SolutionItems) = preProject
		libs\0Harmony.dll = libs\0Harmony.dll
		libs\0Harmony.xml = libs\0Harmony.xml
		libs\Assembly-CSharp-firstpass.dll = libs\Assembly-CSharp-firstpass.dll
		libs\Assembly-CSharp.dll = libs\Assembly-CSharp.dll
		libs\Helper.dll = libs\Helper.dll
		libs\Rewired_Core.dll = libs\Rewired_Core.dll
		libs\Rewired_Windows_Lib.dll = libs\Rewired_Windows_Lib.dll
	EndProjectSection
EndProject
Project("{FAE04EC0-301F-11D3-BF4B-00C04F79EFBC}") = "AddStraightToTable", "AddStraightToTable\AddStraightToTable.csproj", "{2A226EA2-0839-4FF6-8438-697D3CC83EBF}"
EndProject
Project("{FAE04EC0-301F-11D3-BF4B-00C04F79EFBC}") = "IBuildWhereIWant", "IBuildWhereIWant\IBuildWhereIWant.csproj", "{7AA09579-E618-4333-B4AF-A95C6715A673}"
EndProject
Project("{FAE04EC0-301F-11D3-BF4B-00C04F79EFBC}") = "MaxButtonControllerSupport", "MaxButtonControllerSupport\MaxButtonControllerSupport.csproj", "{BB0847D0-DB7F-44EE-A9D2-45533F03206F}"
EndProject
Project("{FAE04EC0-301F-11D3-BF4B-00C04F79EFBC}") = "QModHelper", "Helper\QModHelper.csproj", "{17E3EEAA-86D5-4737-BC62-BB6DD43F0FEE}"
EndProject
Project("{FAE04EC0-301F-11D3-BF4B-00C04F79EFBC}") = "BeamMeUpGerry", "BeamMeUpGerry\BeamMeUpGerry.csproj", "{4C76C274-5207-4C2E-9DB0-2E69ABA7ED9B}"
EndProject
Project("{2150E333-8FDC-42A3-9474-1A3956D46DE8}") = "Solution Items", "Solution Items", "{40B250ED-4247-485F-A2A9-6459A545CDD7}"
	ProjectSection(SolutionItems) = preProject
		ButtonMappings.txt = ButtonMappings.txt
	EndProjectSection
EndProject
Project("{FAE04EC0-301F-11D3-BF4B-00C04F79EFBC}") = "WheresMaStorage", "WheresMaStorage\WheresMaStorage.csproj", "{24C8C61B-50FE-4814-9146-C59875A99CCF}"
EndProject
Project("{FAE04EC0-301F-11D3-BF4B-00C04F79EFBC}") = "GerrysJunkTrunk", "GerrysJunkTrunk\GerrysJunkTrunk.csproj", "{59844D78-0F3A-4E2F-A66B-19B262ED3026}"
EndProject
Project("{FAE04EC0-301F-11D3-BF4B-00C04F79EFBC}") = "FasterCraftReloaded", "FasterCraftReloaded\FasterCraftReloaded.csproj", "{23E99E91-DC6C-4FAC-920B-F5DB145B81E6}"
EndProject
Global
	GlobalSection(SolutionConfigurationPlatforms) = preSolution
		Debug|Any CPU = Debug|Any CPU
		Release|Any CPU = Release|Any CPU
	EndGlobalSection
	GlobalSection(ProjectConfigurationPlatforms) = postSolution
		{15FE0965-BCF2-470C-8D0E-616DA7B0F17C}.Debug|Any CPU.ActiveCfg = Debug|Any CPU
		{15FE0965-BCF2-470C-8D0E-616DA7B0F17C}.Debug|Any CPU.Build.0 = Debug|Any CPU
		{15FE0965-BCF2-470C-8D0E-616DA7B0F17C}.Release|Any CPU.ActiveCfg = Release|Any CPU
		{15FE0965-BCF2-470C-8D0E-616DA7B0F17C}.Release|Any CPU.Build.0 = Release|Any CPU
		{0C0D9B04-E186-4E98-AE03-8771E67D7B82}.Debug|Any CPU.ActiveCfg = Debug|Any CPU
		{0C0D9B04-E186-4E98-AE03-8771E67D7B82}.Debug|Any CPU.Build.0 = Debug|Any CPU
		{0C0D9B04-E186-4E98-AE03-8771E67D7B82}.Release|Any CPU.ActiveCfg = Release|Any CPU
		{0C0D9B04-E186-4E98-AE03-8771E67D7B82}.Release|Any CPU.Build.0 = Release|Any CPU
		{2084C92A-5D15-44CE-AC53-4C1AC6859E37}.Debug|Any CPU.ActiveCfg = Debug|Any CPU
		{2084C92A-5D15-44CE-AC53-4C1AC6859E37}.Debug|Any CPU.Build.0 = Debug|Any CPU
		{2084C92A-5D15-44CE-AC53-4C1AC6859E37}.Release|Any CPU.ActiveCfg = Release|Any CPU
		{2084C92A-5D15-44CE-AC53-4C1AC6859E37}.Release|Any CPU.Build.0 = Release|Any CPU
		{C02AE077-D18E-4056-871B-E56E9CA54541}.Debug|Any CPU.ActiveCfg = Debug|Any CPU
		{C02AE077-D18E-4056-871B-E56E9CA54541}.Debug|Any CPU.Build.0 = Debug|Any CPU
		{C02AE077-D18E-4056-871B-E56E9CA54541}.Release|Any CPU.ActiveCfg = Release|Any CPU
		{C02AE077-D18E-4056-871B-E56E9CA54541}.Release|Any CPU.Build.0 = Release|Any CPU
		{08DA80D4-62AA-4807-8E03-BA8DDED15204}.Debug|Any CPU.ActiveCfg = Debug|Any CPU
		{08DA80D4-62AA-4807-8E03-BA8DDED15204}.Debug|Any CPU.Build.0 = Debug|Any CPU
		{08DA80D4-62AA-4807-8E03-BA8DDED15204}.Release|Any CPU.ActiveCfg = Release|Any CPU
		{08DA80D4-62AA-4807-8E03-BA8DDED15204}.Release|Any CPU.Build.0 = Release|Any CPU
		{BCABC90B-225B-4851-BDA8-7B49BD486DCF}.Debug|Any CPU.ActiveCfg = Debug|Any CPU
		{BCABC90B-225B-4851-BDA8-7B49BD486DCF}.Debug|Any CPU.Build.0 = Debug|Any CPU
		{BCABC90B-225B-4851-BDA8-7B49BD486DCF}.Release|Any CPU.ActiveCfg = Release|Any CPU
		{BCABC90B-225B-4851-BDA8-7B49BD486DCF}.Release|Any CPU.Build.0 = Release|Any CPU
		{A09AB5BE-0710-48C1-B998-3BE639BEFACE}.Debug|Any CPU.ActiveCfg = Debug|Any CPU
		{A09AB5BE-0710-48C1-B998-3BE639BEFACE}.Debug|Any CPU.Build.0 = Debug|Any CPU
		{A09AB5BE-0710-48C1-B998-3BE639BEFACE}.Release|Any CPU.ActiveCfg = Release|Any CPU
		{A09AB5BE-0710-48C1-B998-3BE639BEFACE}.Release|Any CPU.Build.0 = Release|Any CPU
		{407CE45D-C544-41A5-BE88-5B29C576D3D5}.Debug|Any CPU.ActiveCfg = Debug|Any CPU
		{407CE45D-C544-41A5-BE88-5B29C576D3D5}.Debug|Any CPU.Build.0 = Debug|Any CPU
		{407CE45D-C544-41A5-BE88-5B29C576D3D5}.Release|Any CPU.ActiveCfg = Release|Any CPU
		{407CE45D-C544-41A5-BE88-5B29C576D3D5}.Release|Any CPU.Build.0 = Release|Any CPU
		{7690963B-2079-4C05-BC9E-2AA7C645CC75}.Debug|Any CPU.ActiveCfg = Debug|Any CPU
		{7690963B-2079-4C05-BC9E-2AA7C645CC75}.Debug|Any CPU.Build.0 = Debug|Any CPU
		{7690963B-2079-4C05-BC9E-2AA7C645CC75}.Release|Any CPU.ActiveCfg = Release|Any CPU
		{7690963B-2079-4C05-BC9E-2AA7C645CC75}.Release|Any CPU.Build.0 = Release|Any CPU
		{29A64431-62AB-48E5-9E66-CD539A9644C9}.Debug|Any CPU.ActiveCfg = Debug|Any CPU
		{29A64431-62AB-48E5-9E66-CD539A9644C9}.Debug|Any CPU.Build.0 = Debug|Any CPU
		{29A64431-62AB-48E5-9E66-CD539A9644C9}.Release|Any CPU.ActiveCfg = Release|Any CPU
		{29A64431-62AB-48E5-9E66-CD539A9644C9}.Release|Any CPU.Build.0 = Release|Any CPU
		{06E576F1-1CEE-474D-BD23-46F2D33E329D}.Debug|Any CPU.ActiveCfg = Debug|Any CPU
		{06E576F1-1CEE-474D-BD23-46F2D33E329D}.Debug|Any CPU.Build.0 = Debug|Any CPU
		{06E576F1-1CEE-474D-BD23-46F2D33E329D}.Release|Any CPU.ActiveCfg = Release|Any CPU
		{06E576F1-1CEE-474D-BD23-46F2D33E329D}.Release|Any CPU.Build.0 = Release|Any CPU
		{18E77827-C5C3-43B8-B4A5-957D0EA6B11C}.Debug|Any CPU.ActiveCfg = Debug|Any CPU
		{18E77827-C5C3-43B8-B4A5-957D0EA6B11C}.Debug|Any CPU.Build.0 = Debug|Any CPU
		{18E77827-C5C3-43B8-B4A5-957D0EA6B11C}.Release|Any CPU.ActiveCfg = Release|Any CPU
		{18E77827-C5C3-43B8-B4A5-957D0EA6B11C}.Release|Any CPU.Build.0 = Release|Any CPU
		{A854673A-0AC4-49CF-A3B8-3FCAEB9DD00F}.Debug|Any CPU.ActiveCfg = Debug|Any CPU
		{A854673A-0AC4-49CF-A3B8-3FCAEB9DD00F}.Debug|Any CPU.Build.0 = Debug|Any CPU
		{A854673A-0AC4-49CF-A3B8-3FCAEB9DD00F}.Release|Any CPU.ActiveCfg = Release|Any CPU
		{A854673A-0AC4-49CF-A3B8-3FCAEB9DD00F}.Release|Any CPU.Build.0 = Release|Any CPU
		{1673C699-D4E0-41C0-8EA9-249761AD171E}.Debug|Any CPU.ActiveCfg = Debug|Any CPU
		{1673C699-D4E0-41C0-8EA9-249761AD171E}.Debug|Any CPU.Build.0 = Debug|Any CPU
		{1673C699-D4E0-41C0-8EA9-249761AD171E}.Release|Any CPU.ActiveCfg = Release|Any CPU
		{1673C699-D4E0-41C0-8EA9-249761AD171E}.Release|Any CPU.Build.0 = Release|Any CPU
		{BFDA5D30-E513-42F7-9DEE-84959C58F0BF}.Debug|Any CPU.ActiveCfg = Debug|Any CPU
		{BFDA5D30-E513-42F7-9DEE-84959C58F0BF}.Debug|Any CPU.Build.0 = Debug|Any CPU
		{BFDA5D30-E513-42F7-9DEE-84959C58F0BF}.Release|Any CPU.ActiveCfg = Release|Any CPU
		{BFDA5D30-E513-42F7-9DEE-84959C58F0BF}.Release|Any CPU.Build.0 = Release|Any CPU
		{D45D7F53-AFC1-4F60-B42B-021C29A0DBA8}.Debug|Any CPU.ActiveCfg = Debug|Any CPU
		{D45D7F53-AFC1-4F60-B42B-021C29A0DBA8}.Debug|Any CPU.Build.0 = Debug|Any CPU
		{D45D7F53-AFC1-4F60-B42B-021C29A0DBA8}.Release|Any CPU.ActiveCfg = Release|Any CPU
		{D45D7F53-AFC1-4F60-B42B-021C29A0DBA8}.Release|Any CPU.Build.0 = Release|Any CPU
		{A9F6B25C-C915-43BD-A747-EB276220CBF6}.Debug|Any CPU.ActiveCfg = Debug|Any CPU
		{A9F6B25C-C915-43BD-A747-EB276220CBF6}.Debug|Any CPU.Build.0 = Debug|Any CPU
		{A9F6B25C-C915-43BD-A747-EB276220CBF6}.Release|Any CPU.ActiveCfg = Release|Any CPU
		{A9F6B25C-C915-43BD-A747-EB276220CBF6}.Release|Any CPU.Build.0 = Release|Any CPU
		{2A226EA2-0839-4FF6-8438-697D3CC83EBF}.Debug|Any CPU.ActiveCfg = Debug|Any CPU
		{2A226EA2-0839-4FF6-8438-697D3CC83EBF}.Debug|Any CPU.Build.0 = Debug|Any CPU
		{2A226EA2-0839-4FF6-8438-697D3CC83EBF}.Release|Any CPU.ActiveCfg = Release|Any CPU
		{2A226EA2-0839-4FF6-8438-697D3CC83EBF}.Release|Any CPU.Build.0 = Release|Any CPU
		{7AA09579-E618-4333-B4AF-A95C6715A673}.Debug|Any CPU.ActiveCfg = Debug|Any CPU
		{7AA09579-E618-4333-B4AF-A95C6715A673}.Debug|Any CPU.Build.0 = Debug|Any CPU
		{7AA09579-E618-4333-B4AF-A95C6715A673}.Release|Any CPU.ActiveCfg = Release|Any CPU
		{7AA09579-E618-4333-B4AF-A95C6715A673}.Release|Any CPU.Build.0 = Release|Any CPU
		{BB0847D0-DB7F-44EE-A9D2-45533F03206F}.Debug|Any CPU.ActiveCfg = Debug|Any CPU
		{BB0847D0-DB7F-44EE-A9D2-45533F03206F}.Debug|Any CPU.Build.0 = Debug|Any CPU
		{BB0847D0-DB7F-44EE-A9D2-45533F03206F}.Release|Any CPU.ActiveCfg = Release|Any CPU
		{BB0847D0-DB7F-44EE-A9D2-45533F03206F}.Release|Any CPU.Build.0 = Release|Any CPU
		{17E3EEAA-86D5-4737-BC62-BB6DD43F0FEE}.Debug|Any CPU.ActiveCfg = Debug|Any CPU
		{17E3EEAA-86D5-4737-BC62-BB6DD43F0FEE}.Debug|Any CPU.Build.0 = Debug|Any CPU
		{17E3EEAA-86D5-4737-BC62-BB6DD43F0FEE}.Release|Any CPU.ActiveCfg = Release|Any CPU
		{17E3EEAA-86D5-4737-BC62-BB6DD43F0FEE}.Release|Any CPU.Build.0 = Release|Any CPU
		{4C76C274-5207-4C2E-9DB0-2E69ABA7ED9B}.Debug|Any CPU.ActiveCfg = Debug|Any CPU
		{4C76C274-5207-4C2E-9DB0-2E69ABA7ED9B}.Debug|Any CPU.Build.0 = Debug|Any CPU
		{4C76C274-5207-4C2E-9DB0-2E69ABA7ED9B}.Release|Any CPU.ActiveCfg = Release|Any CPU
		{4C76C274-5207-4C2E-9DB0-2E69ABA7ED9B}.Release|Any CPU.Build.0 = Release|Any CPU
		{24C8C61B-50FE-4814-9146-C59875A99CCF}.Debug|Any CPU.ActiveCfg = Debug|Any CPU
		{24C8C61B-50FE-4814-9146-C59875A99CCF}.Debug|Any CPU.Build.0 = Debug|Any CPU
		{24C8C61B-50FE-4814-9146-C59875A99CCF}.Release|Any CPU.ActiveCfg = Release|Any CPU
		{24C8C61B-50FE-4814-9146-C59875A99CCF}.Release|Any CPU.Build.0 = Release|Any CPU
		{59844D78-0F3A-4E2F-A66B-19B262ED3026}.Debug|Any CPU.ActiveCfg = Debug|Any CPU
		{59844D78-0F3A-4E2F-A66B-19B262ED3026}.Debug|Any CPU.Build.0 = Debug|Any CPU
		{59844D78-0F3A-4E2F-A66B-19B262ED3026}.Release|Any CPU.ActiveCfg = Release|Any CPU
		{59844D78-0F3A-4E2F-A66B-19B262ED3026}.Release|Any CPU.Build.0 = Release|Any CPU
		{23E99E91-DC6C-4FAC-920B-F5DB145B81E6}.Debug|Any CPU.ActiveCfg = Debug|Any CPU
		{23E99E91-DC6C-4FAC-920B-F5DB145B81E6}.Debug|Any CPU.Build.0 = Debug|Any CPU
		{23E99E91-DC6C-4FAC-920B-F5DB145B81E6}.Release|Any CPU.ActiveCfg = Release|Any CPU
		{23E99E91-DC6C-4FAC-920B-F5DB145B81E6}.Release|Any CPU.Build.0 = Release|Any CPU
	EndGlobalSection
	GlobalSection(SolutionProperties) = preSolution
		HideSolutionNode = FALSE
	EndGlobalSection
	GlobalSection(ExtensibilityGlobals) = postSolution
		SolutionGuid = {14E82FFD-CC11-40ED-8381-80A0A8F3871B}
	EndGlobalSection
EndGlobal
