
Microsoft Visual Studio Solution File, Format Version 12.00
# Visual Studio Version 17
VisualStudioVersion = 17.3.32505.426
MinimumVisualStudioVersion = 10.0.40219.1
Project("{FAE04EC0-301F-11D3-BF4B-00C04F79EFBC}") = "Exhaust-less", "Exhaustless\Exhaust-less.csproj", "{15FE0965-BCF2-470C-8D0E-616DA7B0F17C}"
	ProjectSection(ProjectDependencies) = postProject
		{08DA80D4-62AA-4807-8E03-BA8DDED15204} = {08DA80D4-62AA-4807-8E03-BA8DDED15204}
		{0C0D9B04-E186-4E98-AE03-8771E67D7B82} = {0C0D9B04-E186-4E98-AE03-8771E67D7B82}
		{2084C92A-5D15-44CE-AC53-4C1AC6859E37} = {2084C92A-5D15-44CE-AC53-4C1AC6859E37}
		{37340A24-0BAD-4B0B-9221-6626B7344124} = {37340A24-0BAD-4B0B-9221-6626B7344124}
		{407CE45D-C544-41A5-BE88-5B29C576D3D5} = {407CE45D-C544-41A5-BE88-5B29C576D3D5}
		{7690963B-2079-4C05-BC9E-2AA7C645CC75} = {7690963B-2079-4C05-BC9E-2AA7C645CC75}
		{A09AB5BE-0710-48C1-B998-3BE639BEFACE} = {A09AB5BE-0710-48C1-B998-3BE639BEFACE}
		{BCABC90B-225B-4851-BDA8-7B49BD486DCF} = {BCABC90B-225B-4851-BDA8-7B49BD486DCF}
		{C02AE077-D18E-4056-871B-E56E9CA54541} = {C02AE077-D18E-4056-871B-E56E9CA54541}
		{C75AA316-ED27-4477-AC64-48B8373203ED} = {C75AA316-ED27-4477-AC64-48B8373203ED}
	EndProjectSection
EndProject
Project("{FAE04EC0-301F-11D3-BF4B-00C04F79EFBC}") = "SaveNow", "SaveNow\SaveNow.csproj", "{0C0D9B04-E186-4E98-AE03-8771E67D7B82}"
EndProject
Project("{FAE04EC0-301F-11D3-BF4B-00C04F79EFBC}") = "NewGameAtBottom", "NewGameAtBottom\NewGameAtBottom.csproj", "{2084C92A-5D15-44CE-AC53-4C1AC6859E37}"
EndProject
Project("{FAE04EC0-301F-11D3-BF4B-00C04F79EFBC}") = "FogBeGone", "FogBeGone\FogBeGone.csproj", "{C02AE077-D18E-4056-871B-E56E9CA54541}"
EndProject
Project("{FAE04EC0-301F-11D3-BF4B-00C04F79EFBC}") = "UltraWide", "UltraWide\UltraWide.csproj", "{08DA80D4-62AA-4807-8E03-BA8DDED15204}"
EndProject
Project("{FAE04EC0-301F-11D3-BF4B-00C04F79EFBC}") = "TreesNoMore", "TreesNoMore\TreesNoMore.csproj", "{BCABC90B-225B-4851-BDA8-7B49BD486DCF}"
EndProject
Project("{FAE04EC0-301F-11D3-BF4B-00C04F79EFBC}") = "NoTimeForFishing", "NoTimeForFishing\NoTimeForFishing.csproj", "{A09AB5BE-0710-48C1-B998-3BE639BEFACE}"
EndProject
Project("{2150E333-8FDC-42A3-9474-1A3956D46DE8}") = "Solution Items", "Solution Items", "{5201BEBA-77B2-4FD5-AE9B-8953E66F5551}"
	ProjectSection(SolutionItems) = preProject
		Utilities.cs = Utilities.cs
	EndProjectSection
EndProject
Project("{FAE04EC0-301F-11D3-BF4B-00C04F79EFBC}") = "NoIntros", "NoIntros\NoIntros.csproj", "{407CE45D-C544-41A5-BE88-5B29C576D3D5}"
EndProject
Project("{FAE04EC0-301F-11D3-BF4B-00C04F79EFBC}") = "LargerScale", "LargerScale\LargerScale.csproj", "{7690963B-2079-4C05-BC9E-2AA7C645CC75}"
EndProject
Project("{FAE04EC0-301F-11D3-BF4B-00C04F79EFBC}") = "AddStraightToTable", "AddStraightToTable\AddStraightToTable.csproj", "{37340A24-0BAD-4B0B-9221-6626B7344124}"
EndProject
Project("{FAE04EC0-301F-11D3-BF4B-00C04F79EFBC}") = "ILReader", "ILReader\ILReader.csproj", "{C75AA316-ED27-4477-AC64-48B8373203ED}"
EndProject
Global
	GlobalSection(SolutionConfigurationPlatforms) = preSolution
		Debug|Any CPU = Debug|Any CPU
		Release|Any CPU = Release|Any CPU
	EndGlobalSection
	GlobalSection(ProjectConfigurationPlatforms) = postSolution
		{15FE0965-BCF2-470C-8D0E-616DA7B0F17C}.Debug|Any CPU.ActiveCfg = Debug|Any CPU
		{15FE0965-BCF2-470C-8D0E-616DA7B0F17C}.Debug|Any CPU.Build.0 = Debug|Any CPU
		{15FE0965-BCF2-470C-8D0E-616DA7B0F17C}.Release|Any CPU.ActiveCfg = Release|Any CPU
		{15FE0965-BCF2-470C-8D0E-616DA7B0F17C}.Release|Any CPU.Build.0 = Release|Any CPU
		{0C0D9B04-E186-4E98-AE03-8771E67D7B82}.Debug|Any CPU.ActiveCfg = Debug|Any CPU
		{0C0D9B04-E186-4E98-AE03-8771E67D7B82}.Debug|Any CPU.Build.0 = Debug|Any CPU
		{0C0D9B04-E186-4E98-AE03-8771E67D7B82}.Release|Any CPU.ActiveCfg = Release|Any CPU
		{0C0D9B04-E186-4E98-AE03-8771E67D7B82}.Release|Any CPU.Build.0 = Release|Any CPU
		{2084C92A-5D15-44CE-AC53-4C1AC6859E37}.Debug|Any CPU.ActiveCfg = Debug|Any CPU
		{2084C92A-5D15-44CE-AC53-4C1AC6859E37}.Debug|Any CPU.Build.0 = Debug|Any CPU
		{2084C92A-5D15-44CE-AC53-4C1AC6859E37}.Release|Any CPU.ActiveCfg = Release|Any CPU
		{2084C92A-5D15-44CE-AC53-4C1AC6859E37}.Release|Any CPU.Build.0 = Release|Any CPU
		{C02AE077-D18E-4056-871B-E56E9CA54541}.Debug|Any CPU.ActiveCfg = Debug|Any CPU
		{C02AE077-D18E-4056-871B-E56E9CA54541}.Debug|Any CPU.Build.0 = Debug|Any CPU
		{C02AE077-D18E-4056-871B-E56E9CA54541}.Release|Any CPU.ActiveCfg = Release|Any CPU
		{C02AE077-D18E-4056-871B-E56E9CA54541}.Release|Any CPU.Build.0 = Release|Any CPU
		{08DA80D4-62AA-4807-8E03-BA8DDED15204}.Debug|Any CPU.ActiveCfg = Debug|Any CPU
		{08DA80D4-62AA-4807-8E03-BA8DDED15204}.Debug|Any CPU.Build.0 = Debug|Any CPU
		{08DA80D4-62AA-4807-8E03-BA8DDED15204}.Release|Any CPU.ActiveCfg = Release|Any CPU
		{08DA80D4-62AA-4807-8E03-BA8DDED15204}.Release|Any CPU.Build.0 = Release|Any CPU
		{BCABC90B-225B-4851-BDA8-7B49BD486DCF}.Debug|Any CPU.ActiveCfg = Debug|Any CPU
		{BCABC90B-225B-4851-BDA8-7B49BD486DCF}.Debug|Any CPU.Build.0 = Debug|Any CPU
		{BCABC90B-225B-4851-BDA8-7B49BD486DCF}.Release|Any CPU.ActiveCfg = Release|Any CPU
		{BCABC90B-225B-4851-BDA8-7B49BD486DCF}.Release|Any CPU.Build.0 = Release|Any CPU
		{A09AB5BE-0710-48C1-B998-3BE639BEFACE}.Debug|Any CPU.ActiveCfg = Debug|Any CPU
		{A09AB5BE-0710-48C1-B998-3BE639BEFACE}.Debug|Any CPU.Build.0 = Debug|Any CPU
		{A09AB5BE-0710-48C1-B998-3BE639BEFACE}.Release|Any CPU.ActiveCfg = Release|Any CPU
		{A09AB5BE-0710-48C1-B998-3BE639BEFACE}.Release|Any CPU.Build.0 = Release|Any CPU
		{407CE45D-C544-41A5-BE88-5B29C576D3D5}.Debug|Any CPU.ActiveCfg = Debug|Any CPU
		{407CE45D-C544-41A5-BE88-5B29C576D3D5}.Debug|Any CPU.Build.0 = Debug|Any CPU
		{407CE45D-C544-41A5-BE88-5B29C576D3D5}.Release|Any CPU.ActiveCfg = Release|Any CPU
		{407CE45D-C544-41A5-BE88-5B29C576D3D5}.Release|Any CPU.Build.0 = Release|Any CPU
		{7690963B-2079-4C05-BC9E-2AA7C645CC75}.Debug|Any CPU.ActiveCfg = Debug|Any CPU
		{7690963B-2079-4C05-BC9E-2AA7C645CC75}.Debug|Any CPU.Build.0 = Debug|Any CPU
		{7690963B-2079-4C05-BC9E-2AA7C645CC75}.Release|Any CPU.ActiveCfg = Release|Any CPU
		{7690963B-2079-4C05-BC9E-2AA7C645CC75}.Release|Any CPU.Build.0 = Release|Any CPU
		{37340A24-0BAD-4B0B-9221-6626B7344124}.Debug|Any CPU.ActiveCfg = Debug|Any CPU
		{37340A24-0BAD-4B0B-9221-6626B7344124}.Debug|Any CPU.Build.0 = Debug|Any CPU
		{37340A24-0BAD-4B0B-9221-6626B7344124}.Release|Any CPU.ActiveCfg = Release|Any CPU
		{37340A24-0BAD-4B0B-9221-6626B7344124}.Release|Any CPU.Build.0 = Release|Any CPU
		{C75AA316-ED27-4477-AC64-48B8373203ED}.Debug|Any CPU.ActiveCfg = Debug|Any CPU
		{C75AA316-ED27-4477-AC64-48B8373203ED}.Debug|Any CPU.Build.0 = Debug|Any CPU
		{C75AA316-ED27-4477-AC64-48B8373203ED}.Release|Any CPU.ActiveCfg = Release|Any CPU
		{C75AA316-ED27-4477-AC64-48B8373203ED}.Release|Any CPU.Build.0 = Release|Any CPU
	EndGlobalSection
	GlobalSection(SolutionProperties) = preSolution
		HideSolutionNode = FALSE
	EndGlobalSection
	GlobalSection(ExtensibilityGlobals) = postSolution
		SolutionGuid = {14E82FFD-CC11-40ED-8381-80A0A8F3871B}
	EndGlobalSection
EndGlobal
